[[package]]
name = "asgiref"
version = "3.3.1"
description = "ASGI specs, helper code, and adapters"
category = "main"
optional = false
python-versions = ">=3.5"

[package.extras]
tests = ["pytest", "pytest-asyncio"]

[[package]]
name = "django"
version = "3.1.5"
description = "A high-level Python Web framework that encourages rapid development and clean, pragmatic design."
category = "main"
optional = false
python-versions = ">=3.6"

[package.dependencies]
asgiref = ">=3.2.10,<4"
pytz = "*"
sqlparse = ">=0.2.2"

[package.extras]
argon2 = ["argon2-cffi (>=16.1.0)"]
bcrypt = ["bcrypt"]

[[package]]
name = "future"
version = "0.18.2"
description = "Clean single-source support for Python 3 and 2"
category = "main"
optional = false
python-versions = ">=2.6, !=3.0.*, !=3.1.*, !=3.2.*"

[[package]]
name = "gax-google-logging-v2"
version = "0.8.3"
description = "GAX library for the Google Logging API"
category = "main"
optional = false
python-versions = "*"

[package.dependencies]
google-gax = ">=0.12.5,<0.13.0"
googleapis-common-protos = ">=1.1.0"
grpc-google-logging-v2 = ">=0.8.1,<0.9.0"
oauth2client = ">=1.4.11"

[[package]]
name = "gax-google-pubsub-v1"
version = "0.8.3"
description = "DEPRECATED"
category = "main"
optional = false
python-versions = "*"

[package.dependencies]
google-gax = ">=0.12.5,<0.13.0"
googleapis-common-protos = ">=1.1.0"
grpc-google-pubsub-v1 = ">=0.8.1,<0.9.0"
oauth2client = ">=1.4.11"

[[package]]
name = "gcloud"
version = "0.17.0"
description = "API Client library for Google Cloud"
category = "main"
optional = false
python-versions = "*"

[package.dependencies]
gax-google-logging-v2 = ">=0.7.10"
gax-google-pubsub-v1 = ">=0.7.10"
google-gax = ">=0.12.1"
googleapis-common-protos = "*"
grpcio = ">=0.14.0"
httplib2 = ">=0.9.1"
oauth2client = ">=2.0.1"
protobuf = ">3.0.0.b2"
six = "*"

[package.extras]
grpc = ["grpcio (>=0.14.0)", "google-gax (>=0.12.1)", "gax-google-pubsub-v1 (>=0.7.10)", "gax-google-logging-v2 (>=0.7.10)"]

[[package]]
name = "google-gax"
version = "0.12.5"
description = "Google API Extensions"
category = "main"
optional = false
python-versions = "*"

[package.dependencies]
future = ">=0.15.2"
grpcio = ">=1.0rc1"
oauth2client = ">=1.5.2"
ply = "3.8"
protobuf = ">=3.0.0b3"

[[package]]
name = "googleapis-common-protos"
version = "1.53.0"
description = "Common protobufs used in Google APIs"
category = "main"
optional = false
python-versions = ">=3.6"

[package.dependencies]
protobuf = ">=3.12.0"

[package.extras]
grpc = ["grpcio (>=1.0.0)"]

[[package]]
name = "grpc-google-logging-v2"
version = "0.8.1"
description = "GRPC library for the google-logging-v2 service"
category = "main"
optional = false
python-versions = "*"

[package.dependencies]
googleapis-common-protos = ">=1.1.0"
grpcio = ">=1.0rc1"
oauth2client = ">=1.4.11"

[[package]]
name = "grpc-google-pubsub-v1"
version = "0.8.1"
description = "GRPC library for the google-pubsub-v1 service"
category = "main"
optional = false
python-versions = "*"

[package.dependencies]
googleapis-common-protos = ">=1.1.0"
grpcio = ">=1.0rc1"
oauth2client = ">=1.4.11"

[[package]]
name = "grpcio"
version = "1.41.0"
description = "HTTP/2-based RPC framework"
category = "main"
optional = false
python-versions = "*"

[package.dependencies]
six = ">=1.5.2"

[package.extras]
protobuf = ["grpcio-tools (>=1.41.0)"]

[[package]]
name = "httplib2"
version = "0.20.1"
description = "A comprehensive HTTP client library."
category = "main"
optional = false
python-versions = ">=2.7, !=3.0.*, !=3.1.*, !=3.2.*, !=3.3.*"

[package.dependencies]
pyparsing = ">=2.4.2,<3"

[[package]]
name = "jws"
version = "0.1.3"
description = "JSON Web Signatures implementation in Python"
category = "main"
optional = false
python-versions = "*"

[[package]]
name = "oauth2client"
version = "3.0.0"
description = "OAuth 2.0 client library"
category = "main"
optional = false
python-versions = "*"

[package.dependencies]
httplib2 = ">=0.9.1"
pyasn1 = ">=0.1.7"
pyasn1-modules = ">=0.0.5"
rsa = ">=3.1.4"
six = ">=1.6.1"

[[package]]
name = "ply"
version = "3.8"
description = "Python Lex & Yacc"
category = "main"
optional = false
python-versions = "*"

[[package]]
name = "protobuf"
version = "4.0.0rc2"
description = "Protocol Buffers"
category = "main"
optional = false
python-versions = "*"

[package.dependencies]
six = ">=1.9"

[[package]]
name = "pyasn1"
version = "0.4.8"
description = "ASN.1 types and codecs"
category = "main"
optional = false
python-versions = "*"

[[package]]
name = "pyasn1-modules"
version = "0.2.8"
description = "A collection of ASN.1-based protocols modules."
category = "main"
optional = false
python-versions = "*"

[package.dependencies]
pyasn1 = ">=0.4.6,<0.5.0"

[[package]]
name = "pycryptodome"
version = "3.4.3"
description = "Cryptographic library for Python"
category = "main"
optional = false
python-versions = "*"

[[package]]
name = "pyparsing"
version = "2.4.7"
description = "Python parsing module"
category = "main"
optional = false
python-versions = ">=2.6, !=3.0.*, !=3.1.*, !=3.2.*"

[[package]]
name = "pyrebase"
version = "3.0.27"
description = "A simple python wrapper for the Firebase API"
category = "main"
optional = false
python-versions = "*"

[package.dependencies]
gcloud = "0.17.0"
oauth2client = "3.0.0"
pycryptodome = "3.4.3"
python-jwt = "2.0.1"
requests = "2.11.1"
requests-toolbelt = "0.7.0"

[[package]]
name = "python-jwt"
version = "2.0.1"
description = "Module for generating and verifying JSON Web Tokens"
category = "main"
optional = false
python-versions = "*"

[package.dependencies]
jws = ">=0.1.3"

[[package]]
name = "pytz"
version = "2020.5"
description = "World timezone definitions, modern and historical"
category = "main"
optional = false
python-versions = "*"

[[package]]
name = "requests"
version = "2.11.1"
description = "Python HTTP for Humans."
category = "main"
optional = false
python-versions = "*"

[package.extras]
security = ["ndg-httpsclient", "pyOpenSSL (>=0.13)", "pyasn1"]
socks = ["PySocks (>=1.5.6)"]

[[package]]
name = "requests-toolbelt"
version = "0.7.0"
description = "A utility belt for advanced users of python-requests"
category = "main"
optional = false
python-versions = "*"

[package.dependencies]
requests = ">=2.0.1,<3.0.0"

[[package]]
name = "rsa"
version = "4.7.2"
description = "Pure-Python RSA implementation"
category = "main"
optional = false
python-versions = ">=3.5, <4"

[package.dependencies]
pyasn1 = ">=0.1.3"

[[package]]
name = "shortuuid"
version = "1.0.1"
description = "A generator library for concise, unambiguous and URL-safe UUIDs."
category = "main"
optional = false
python-versions = ">=3.5"

[[package]]
name = "six"
version = "1.16.0"
description = "Python 2 and 3 compatibility utilities"
category = "main"
optional = false
python-versions = ">=2.7, !=3.0.*, !=3.1.*, !=3.2.*"

[[package]]
name = "sqlparse"
version = "0.4.1"
description = "A non-validating SQL parser."
category = "main"
optional = false
python-versions = ">=3.5"

[metadata]
lock-version = "1.1"
python-versions = "^3.8"
content-hash = "41050f5d0c7220e34c063cbfa51966adb47a71a3ec56edc80c68b3f6a2a3acf3"

[metadata.files]
asgiref = [
    {file = "asgiref-3.3.1-py3-none-any.whl", hash = "sha256:5ee950735509d04eb673bd7f7120f8fa1c9e2df495394992c73234d526907e17"},
    {file = "asgiref-3.3.1.tar.gz", hash = "sha256:7162a3cb30ab0609f1a4c95938fd73e8604f63bdba516a7f7d64b83ff09478f0"},
]
django = [
    {file = "Django-3.1.5-py3-none-any.whl", hash = "sha256:efa2ab96b33b20c2182db93147a0c3cd7769d418926f9e9f140a60dca7c64ca9"},
    {file = "Django-3.1.5.tar.gz", hash = "sha256:2d78425ba74c7a1a74b196058b261b9733a8570782f4e2828974777ccca7edf7"},
]
future = [
    {file = "future-0.18.2.tar.gz", hash = "sha256:b1bead90b70cf6ec3f0710ae53a525360fa360d306a86583adc6bf83a4db537d"},
]
gax-google-logging-v2 = [
    {file = "gax-google-logging-v2-0.8.3.tar.gz", hash = "sha256:c36cbb93e070b3b535e9fffff6879efe447e525dff75b62eb4564def515e1a18"},
]
gax-google-pubsub-v1 = [
    {file = "gax-google-pubsub-v1-0.8.3.tar.gz", hash = "sha256:943df4aa05cf0302fa1616197d05e29adb62be2c0f55f80d8345439d72471526"},
]
gcloud = [
    {file = "gcloud-0.17.0.tar.gz", hash = "sha256:3371992c738cee83a9bf67230e434c811428fcccbcb607696f2d4f76dd0a157e"},
]
google-gax = [
    {file = "google-gax-0.12.5.tar.gz", hash = "sha256:63312a04cb87ca50e857245f05c582b2171807a30e61cef85006b983bf659cb9"},
]
googleapis-common-protos = [
    {file = "googleapis-common-protos-1.53.0.tar.gz", hash = "sha256:a88ee8903aa0a81f6c3cec2d5cf62d3c8aa67c06439b0496b49048fb1854ebf4"},
    {file = "googleapis_common_protos-1.53.0-py2.py3-none-any.whl", hash = "sha256:f6d561ab8fb16b30020b940e2dd01cd80082f4762fa9f3ee670f4419b4b8dbd0"},
]
grpc-google-logging-v2 = [
    {file = "grpc-google-logging-v2-0.8.1.tar.gz", hash = "sha256:4b6b4e603860b134b2cb8732bb4d1f2cec963d553497dcf70b3f5ecc99d7fb4f"},
]
grpc-google-pubsub-v1 = [
    {file = "grpc-google-pubsub-v1-0.8.1.tar.gz", hash = "sha256:ab5a3a239a9678012cdc00a9b9a8fe8c75fca9a0035da41da3078145e9d967b9"},
]
grpcio = [
    {file = "grpcio-1.41.0-cp310-cp310-linux_armv7l.whl", hash = "sha256:9ecd0fc34aa46eeac24f4d20e67bafaf72ca914f99690bf2898674905eaddaf9"},
    {file = "grpcio-1.41.0-cp310-cp310-macosx_10_10_universal2.whl", hash = "sha256:d539ebd05a2bbfbf897d41738d37d162d5c3d9f2b1f8ddf2c4f75e2c9cf59907"},
    {file = "grpcio-1.41.0-cp310-cp310-manylinux_2_17_aarch64.whl", hash = "sha256:2410000eb57cf76b05b37d2aee270b686f0a7876710850a2bba92b4ed133e026"},
    {file = "grpcio-1.41.0-cp310-cp310-manylinux_2_17_i686.manylinux2014_i686.whl", hash = "sha256:be3c6ac822edb509aeef41361ca9c8c5ee52cb9e4973e1977d2bb7d6a460fd97"},
    {file = "grpcio-1.41.0-cp310-cp310-manylinux_2_17_x86_64.manylinux2014_x86_64.whl", hash = "sha256:a0c4bdd1d646365d10ba1468bcf234ea5ad46e8ce2b115983e8563248614910a"},
    {file = "grpcio-1.41.0-cp310-cp310-win32.whl", hash = "sha256:7033199706526e7ee06a362e38476dfdf2ddbad625c19b67ed30411d1bb25a18"},
    {file = "grpcio-1.41.0-cp310-cp310-win_amd64.whl", hash = "sha256:fb64abf0d92134cb0ba4496a3b7ab918588eee42de20e5b3507fe6ee16db97ee"},
    {file = "grpcio-1.41.0-cp36-cp36m-linux_armv7l.whl", hash = "sha256:b6b68c444abbaf4a2b944a61cf35726ab9645f45d416bcc7cf4addc4b2f2d53d"},
    {file = "grpcio-1.41.0-cp36-cp36m-macosx_10_10_x86_64.whl", hash = "sha256:5292a627b44b6d3065de4a364ead23bab3c9d7a7c05416a9de0c0624d0fe03f4"},
    {file = "grpcio-1.41.0-cp36-cp36m-manylinux2010_i686.whl", hash = "sha256:1820845e7e6410240eff97742e9f76cd5bf10ca01d36a322e86c0bd5340ac25b"},
    {file = "grpcio-1.41.0-cp36-cp36m-manylinux2010_x86_64.whl", hash = "sha256:462178987f0e5c60d6d1b79e4e95803a4cd789db961d6b3f087245906bb5ae04"},
    {file = "grpcio-1.41.0-cp36-cp36m-manylinux_2_17_aarch64.whl", hash = "sha256:7b07cbbd4eea56738e995fcbba3b60e41fd9aa9dac937fb7985c5dcbc7626260"},
    {file = "grpcio-1.41.0-cp36-cp36m-manylinux_2_17_i686.manylinux2014_i686.whl", hash = "sha256:3a92e4df5330cd384984e04804104ae34f521345917813aa86fc0930101a3697"},
    {file = "grpcio-1.41.0-cp36-cp36m-manylinux_2_17_x86_64.manylinux2014_x86_64.whl", hash = "sha256:ccd2f1cf11768d1f6fbe4e13e8b8fb0ccfe9914ceeff55a367d5571e82eeb543"},
    {file = "grpcio-1.41.0-cp36-cp36m-win32.whl", hash = "sha256:59645b2d9f19b5ff30cb46ddbcaa09c398f9cd81e4e476b21c7c55ae1e942807"},
    {file = "grpcio-1.41.0-cp36-cp36m-win_amd64.whl", hash = "sha256:0abd56d90dff3ed566807520de1385126dded21e62d3490a34c180a91f94c1f4"},
    {file = "grpcio-1.41.0-cp37-cp37m-linux_armv7l.whl", hash = "sha256:9674a9d3f23702e35a89e22504f41b467893cf704f627cc9cdd118cf1dcc8e26"},
    {file = "grpcio-1.41.0-cp37-cp37m-macosx_10_10_x86_64.whl", hash = "sha256:c95dd6e60e059ff770a2ac9f5a202b75dd64d76b0cd0c48f27d58907e43ed6a6"},
    {file = "grpcio-1.41.0-cp37-cp37m-manylinux2010_i686.whl", hash = "sha256:a3cd7f945d3e3b82ebd2a4c9862eb9891a5ac87f84a7db336acbeafd86e6c402"},
    {file = "grpcio-1.41.0-cp37-cp37m-manylinux2010_x86_64.whl", hash = "sha256:c07acd49541f5f6f9984fe0adf162d77bf70e0f58e77f9960c6f571314ff63a4"},
    {file = "grpcio-1.41.0-cp37-cp37m-manylinux_2_17_aarch64.whl", hash = "sha256:7da3f6f6b857399c9ad85bcbffc83189e547a0a1a777ab68f5385154f8bc1ed4"},
    {file = "grpcio-1.41.0-cp37-cp37m-manylinux_2_17_i686.manylinux2014_i686.whl", hash = "sha256:39ce785f0cbd07966a9019386b7a054615b2da63da3c7727f371304d000a1890"},
    {file = "grpcio-1.41.0-cp37-cp37m-manylinux_2_17_x86_64.manylinux2014_x86_64.whl", hash = "sha256:07594e585a5ba25cf331ddb63095ca51010c34e328a822cb772ffbd5daa62cb5"},
    {file = "grpcio-1.41.0-cp37-cp37m-win32.whl", hash = "sha256:3bbeee115b05b22f6a9fa9bc78f9ab8d9d6bb8c16fdfc60401fc8658beae1099"},
    {file = "grpcio-1.41.0-cp37-cp37m-win_amd64.whl", hash = "sha256:dcb5f324712a104aca4a459e524e535f205f36deb8005feb4f9d3ff0a22b5177"},
    {file = "grpcio-1.41.0-cp38-cp38-linux_armv7l.whl", hash = "sha256:83c1e731c2b76f26689ad88534cafefe105dcf385567bead08f5857cb308246b"},
    {file = "grpcio-1.41.0-cp38-cp38-macosx_10_10_x86_64.whl", hash = "sha256:5d4b30d068b022e412adcf9b14c0d9bcbc872e9745b91467edc0a4c700a8bba6"},
    {file = "grpcio-1.41.0-cp38-cp38-manylinux2010_i686.whl", hash = "sha256:d71aa430b2ac40e18e388504ac34cc91d49d811855ca507c463a21059bf364f0"},
    {file = "grpcio-1.41.0-cp38-cp38-manylinux2010_x86_64.whl", hash = "sha256:c8c5bc498f6506b6041c30afb7a55c57a9fd535d1a0ac7cdba9b5fd791a85633"},
    {file = "grpcio-1.41.0-cp38-cp38-manylinux_2_17_aarch64.whl", hash = "sha256:a144f6cecbb61aace12e5920840338a3d246123a41d795e316e2792e9775ad15"},
    {file = "grpcio-1.41.0-cp38-cp38-manylinux_2_17_i686.manylinux2014_i686.whl", hash = "sha256:e516124010ef60d5fc2e0de0f1f987599249dc55fd529001f17f776a4145767f"},
    {file = "grpcio-1.41.0-cp38-cp38-manylinux_2_17_x86_64.manylinux2014_x86_64.whl", hash = "sha256:c1e0a4c86d4cbd93059d5eeceed6e1c2e3e1494e1bf40be9b8ab14302c576162"},
    {file = "grpcio-1.41.0-cp38-cp38-win32.whl", hash = "sha256:a614224719579044bd7950554d3b4c1793bb5715cbf0f0399b1f21d283c40ef6"},
    {file = "grpcio-1.41.0-cp38-cp38-win_amd64.whl", hash = "sha256:b2de4e7b5a930be04a4d05c9f5fce7e9191217ccdc174b026c2a7928770dca9f"},
    {file = "grpcio-1.41.0-cp39-cp39-linux_armv7l.whl", hash = "sha256:056806e83eaa09d0af0e452dd353db8f7c90aa2dedcce1112a2d21592550f6b1"},
    {file = "grpcio-1.41.0-cp39-cp39-macosx_10_10_x86_64.whl", hash = "sha256:5502832b7cec670a880764f51a335a19b10ff5ab2e940e1ded67f39b88aa02b1"},
    {file = "grpcio-1.41.0-cp39-cp39-manylinux2010_i686.whl", hash = "sha256:585847ed190ea9cb4d632eb0ebf58f1d299bbca5e03284bc3d0fa08bab6ea365"},
    {file = "grpcio-1.41.0-cp39-cp39-manylinux2010_x86_64.whl", hash = "sha256:d0cc0393744ce3ce1b237ae773635cc928470ff46fb0d3f677e337a38e5ed4f6"},
    {file = "grpcio-1.41.0-cp39-cp39-manylinux_2_17_aarch64.whl", hash = "sha256:2882b62f74de8c8a4f7b2be066f6230ecc46f4edc8f42db1fb7358200abe3b25"},
    {file = "grpcio-1.41.0-cp39-cp39-manylinux_2_17_i686.manylinux2014_i686.whl", hash = "sha256:297ee755d3c6cd7e7d3770f298f4d4d4b000665943ae6d2888f7407418a9a510"},
    {file = "grpcio-1.41.0-cp39-cp39-manylinux_2_17_x86_64.manylinux2014_x86_64.whl", hash = "sha256:ace080a9c3c673c42adfd2116875a63fec9613797be01a6105acf7721ed0c693"},
    {file = "grpcio-1.41.0-cp39-cp39-win32.whl", hash = "sha256:1bcbeac764bbae329bc2cc9e95d0f4d3b0fb456b92cf12e7e06e3e860a4b31cf"},
    {file = "grpcio-1.41.0-cp39-cp39-win_amd64.whl", hash = "sha256:4537bb9e35af62c5189493792a8c34d127275a6d175c8ad48b6314cacba4021e"},
    {file = "grpcio-1.41.0.tar.gz", hash = "sha256:15c04d695833c739dbb25c88eaf6abd9a461ec0dbd32f44bc8769335a495cf5a"},
]
httplib2 = [
    {file = "httplib2-0.20.1-py3-none-any.whl", hash = "sha256:8fa4dbf2fbf839b71f8c7837a831e00fcdc860feca99b8bda58ceae4bc53d185"},
    {file = "httplib2-0.20.1.tar.gz", hash = "sha256:0efbcb8bfbfbc11578130d87d8afcc65c2274c6eb446e59fc674e4d7c972d327"},
]
jws = [
    {file = "jws-0.1.3-py2.6.egg", hash = "sha256:8f9c25d7022a9592fe4766612db729e7f5ee2afbc8d409108ef11f26b0aa94b6"},
    {file = "jws-0.1.3-py2.7.egg", hash = "sha256:6f48d610bbd0d6974ce0c010a6ce0438d3fa87539e68c5e21ea28d29a8df0e57"},
    {file = "jws-0.1.3-py3.4.egg", hash = "sha256:1c435117e2f6842e74e9a167df58cbab20f36aa14996ccbc81b7aded2f09a704"},
    {file = "jws-0.1.3.tar.gz", hash = "sha256:0e3d4cb06ae7c5c1d16d357b4e7acb5c5ecab0cccb3a4b998035b85052488053"},
]
oauth2client = [
    {file = "oauth2client-3.0.0.tar.gz", hash = "sha256:5b5b056ec6f2304e7920b632885bd157fa71d1a7f3ddd00a43b1541a8d1a2460"},
]
ply = [
    {file = "ply-3.8.tar.gz", hash = "sha256:e7d1bdff026beb159c9942f7a17e102c375638d9478a7ecd4cc0c76afd8de0b8"},
]
protobuf = [
    {file = "protobuf-4.0.0rc2-cp27-cp27m-macosx_10_9_x86_64.whl", hash = "sha256:9504227ca529d20e6ca8cc39f710e52f3237fc7445b63f9621176078c899421d"},
    {file = "protobuf-4.0.0rc2-cp27-cp27mu-manylinux1_x86_64.whl", hash = "sha256:a12c97c8ed2ab4cc937e3c07b0b9180e68464831f808996f779b1d58f4cf16b5"},
    {file = "protobuf-4.0.0rc2-cp35-cp35m-macosx_10_9_intel.whl", hash = "sha256:c32f0d70403ce887549e33668cbe26c3fa9d9884582bb5afae3064de5a16c084"},
    {file = "protobuf-4.0.0rc2-cp35-cp35m-manylinux1_x86_64.whl", hash = "sha256:0faa899ac58036766f7a36bf6b3f41459e4eefa20477ee004bdbb6e6c01ad2dc"},
    {file = "protobuf-4.0.0rc2-cp35-cp35m-win32.whl", hash = "sha256:864f0d7622e11d9255c45542e47498a9c59dfda716dde8b204f64fa7887cbfad"},
    {file = "protobuf-4.0.0rc2-cp35-cp35m-win_amd64.whl", hash = "sha256:7e44ac88d7bdfd7bca8ba0623a934a564220d78bbe064005264f747dec330c26"},
    {file = "protobuf-4.0.0rc2-cp36-cp36m-macosx_10_9_x86_64.whl", hash = "sha256:5111dc2fb3236584b79645869475448c2181e54e4d6db7c0fc1fe463a7cdb092"},
    {file = "protobuf-4.0.0rc2-cp36-cp36m-manylinux1_x86_64.whl", hash = "sha256:956f2c06cff88f65e4856864b31bc688c3c8b9077aaac611b521f04d5657c755"},
    {file = "protobuf-4.0.0rc2-cp36-cp36m-win32.whl", hash = "sha256:0da07c5ff6e2d681c8692dddd38f2ea424aff79e96a4776dbbcbd1b56ced3d83"},
    {file = "protobuf-4.0.0rc2-cp36-cp36m-win_amd64.whl", hash = "sha256:0b4a44a32247c3f222df0a5994ed763095ead741fb0749c6105e2a1af100ac98"},
    {file = "protobuf-4.0.0rc2-cp37-cp37m-macosx_10_9_x86_64.whl", hash = "sha256:abc7aa2652a66bf06a34b382638b3319c8d6b67832f4adaed1da1fdad7aa90c0"},
    {file = "protobuf-4.0.0rc2-cp37-cp37m-manylinux1_x86_64.whl", hash = "sha256:e56466b878130fa606f1d4465f3f533144be2b927e9dfc2eb23dba0bb4b5d54c"},
    {file = "protobuf-4.0.0rc2-cp37-cp37m-win32.whl", hash = "sha256:b05dcdb57c1ca6a503121a266bfb7399582f08be00ccc50cd333bdd3d5e66adc"},
    {file = "protobuf-4.0.0rc2-cp37-cp37m-win_amd64.whl", hash = "sha256:576fdebb64c900ac38d98d703a5ffaa135c21112608466c5bc4048714ac96d1a"},
    {file = "protobuf-4.0.0rc2-cp38-cp38-macosx_10_9_x86_64.whl", hash = "sha256:666d4b942b77912d00c8b011986ee73224ff58d9e17cbb42ef851968ce7e0398"},
    {file = "protobuf-4.0.0rc2-cp38-cp38-manylinux1_x86_64.whl", hash = "sha256:c8fab21597c174389ebe1e6db442c80aadda8bd0159e953eb4958c55b33a91fa"},
    {file = "protobuf-4.0.0rc2-py2.py3-none-any.whl", hash = "sha256:5df64b064b1b15e03768295939cbb5595733a02e8945dc033e56c6a9667a225c"},
    {file = "protobuf-4.0.0rc2.tar.gz", hash = "sha256:03346c1fdaaaece437f2b611f3f784114b109985aea65c7d98050f8d38fe671c"},
]
pyasn1 = [
    {file = "pyasn1-0.4.8-py2.4.egg", hash = "sha256:fec3e9d8e36808a28efb59b489e4528c10ad0f480e57dcc32b4de5c9d8c9fdf3"},
    {file = "pyasn1-0.4.8-py2.5.egg", hash = "sha256:0458773cfe65b153891ac249bcf1b5f8f320b7c2ce462151f8fa74de8934becf"},
    {file = "pyasn1-0.4.8-py2.6.egg", hash = "sha256:5c9414dcfede6e441f7e8f81b43b34e834731003427e5b09e4e00e3172a10f00"},
    {file = "pyasn1-0.4.8-py2.7.egg", hash = "sha256:6e7545f1a61025a4e58bb336952c5061697da694db1cae97b116e9c46abcf7c8"},
    {file = "pyasn1-0.4.8-py2.py3-none-any.whl", hash = "sha256:39c7e2ec30515947ff4e87fb6f456dfc6e84857d34be479c9d4a4ba4bf46aa5d"},
    {file = "pyasn1-0.4.8-py3.1.egg", hash = "sha256:78fa6da68ed2727915c4767bb386ab32cdba863caa7dbe473eaae45f9959da86"},
    {file = "pyasn1-0.4.8-py3.2.egg", hash = "sha256:08c3c53b75eaa48d71cf8c710312316392ed40899cb34710d092e96745a358b7"},
    {file = "pyasn1-0.4.8-py3.3.egg", hash = "sha256:03840c999ba71680a131cfaee6fab142e1ed9bbd9c693e285cc6aca0d555e576"},
    {file = "pyasn1-0.4.8-py3.4.egg", hash = "sha256:7ab8a544af125fb704feadb008c99a88805126fb525280b2270bb25cc1d78a12"},
    {file = "pyasn1-0.4.8-py3.5.egg", hash = "sha256:e89bf84b5437b532b0803ba5c9a5e054d21fec423a89952a74f87fa2c9b7bce2"},
    {file = "pyasn1-0.4.8-py3.6.egg", hash = "sha256:014c0e9976956a08139dc0712ae195324a75e142284d5f87f1a87ee1b068a359"},
    {file = "pyasn1-0.4.8-py3.7.egg", hash = "sha256:99fcc3c8d804d1bc6d9a099921e39d827026409a58f2a720dcdb89374ea0c776"},
    {file = "pyasn1-0.4.8.tar.gz", hash = "sha256:aef77c9fb94a3ac588e87841208bdec464471d9871bd5050a287cc9a475cd0ba"},
]
pyasn1-modules = [
    {file = "pyasn1-modules-0.2.8.tar.gz", hash = "sha256:905f84c712230b2c592c19470d3ca8d552de726050d1d1716282a1f6146be65e"},
    {file = "pyasn1_modules-0.2.8-py2.4.egg", hash = "sha256:0fe1b68d1e486a1ed5473f1302bd991c1611d319bba158e98b106ff86e1d7199"},
    {file = "pyasn1_modules-0.2.8-py2.5.egg", hash = "sha256:fe0644d9ab041506b62782e92b06b8c68cca799e1a9636ec398675459e031405"},
    {file = "pyasn1_modules-0.2.8-py2.6.egg", hash = "sha256:a99324196732f53093a84c4369c996713eb8c89d360a496b599fb1a9c47fc3eb"},
    {file = "pyasn1_modules-0.2.8-py2.7.egg", hash = "sha256:0845a5582f6a02bb3e1bde9ecfc4bfcae6ec3210dd270522fee602365430c3f8"},
    {file = "pyasn1_modules-0.2.8-py2.py3-none-any.whl", hash = "sha256:a50b808ffeb97cb3601dd25981f6b016cbb3d31fbf57a8b8a87428e6158d0c74"},
    {file = "pyasn1_modules-0.2.8-py3.1.egg", hash = "sha256:f39edd8c4ecaa4556e989147ebf219227e2cd2e8a43c7e7fcb1f1c18c5fd6a3d"},
    {file = "pyasn1_modules-0.2.8-py3.2.egg", hash = "sha256:b80486a6c77252ea3a3e9b1e360bc9cf28eaac41263d173c032581ad2f20fe45"},
    {file = "pyasn1_modules-0.2.8-py3.3.egg", hash = "sha256:65cebbaffc913f4fe9e4808735c95ea22d7a7775646ab690518c056784bc21b4"},
    {file = "pyasn1_modules-0.2.8-py3.4.egg", hash = "sha256:15b7c67fabc7fc240d87fb9aabf999cf82311a6d6fb2c70d00d3d0604878c811"},
    {file = "pyasn1_modules-0.2.8-py3.5.egg", hash = "sha256:426edb7a5e8879f1ec54a1864f16b882c2837bfd06eee62f2c982315ee2473ed"},
    {file = "pyasn1_modules-0.2.8-py3.6.egg", hash = "sha256:cbac4bc38d117f2a49aeedec4407d23e8866ea4ac27ff2cf7fb3e5b570df19e0"},
    {file = "pyasn1_modules-0.2.8-py3.7.egg", hash = "sha256:c29a5e5cc7a3f05926aff34e097e84f8589cd790ce0ed41b67aed6857b26aafd"},
]
pycryptodome = [
    {file = "pycryptodome-3.4.3-cp27-cp27m-win32.whl", hash = "sha256:bcaddb2b7a732c3a5a92547a8562c039b36cf6029a4bfa97fc53a74bf165f220"},
    {file = "pycryptodome-3.4.3-cp27-cp27m-win_amd64.whl", hash = "sha256:1870d8d3634b51f063314290988eff99e61e5ca24d3ff88216a1438e2c2f8ea4"},
    {file = "pycryptodome-3.4.3-cp33-cp33m-win32.whl", hash = "sha256:52af28bfb104abae1986214db0e38ce9e5250c7054b7c00ef7bf12b8b149beb6"},
    {file = "pycryptodome-3.4.3-cp33-cp33m-win_amd64.whl", hash = "sha256:c1cecf552234304d618ed6dcf23be19c59ba9de58eb7b2cd03a84bcc847d8b77"},
    {file = "pycryptodome-3.4.3-cp34-cp34m-win32.whl", hash = "sha256:77d2790d2c649dff7b5d25639bba8d11e25c55d79763026fd7c1c0d395b99b2a"},
    {file = "pycryptodome-3.4.3-cp34-cp34m-win_amd64.whl", hash = "sha256:f3a24d6756be74dadaff8c460076ab9b24085d92a1a4fa6934c7623bae1dbdfc"},
    {file = "pycryptodome-3.4.3-cp35-cp35m-win32.whl", hash = "sha256:bcf3a8cbe23bd00197c0860f3806de2538649bb7571b8d26dc5d268cd1c7b0a6"},
    {file = "pycryptodome-3.4.3-cp35-cp35m-win_amd64.whl", hash = "sha256:dce7b68a79c9996688daba0ae02499c3b2a35f0d5e08d81156ae66b91c05625a"},
    {file = "pycryptodome-3.4.3-cp36-cp36m-win32.whl", hash = "sha256:602732408900628603aedf376d14670a9fc5e3778e19aea74fcf7731bed77542"},
    {file = "pycryptodome-3.4.3-cp36-cp36m-win_amd64.whl", hash = "sha256:bdfd5de7ccb7bcf37ec74ec12181f67a1a761f88318258067126827b5ec0d3eb"},
    {file = "pycryptodome-3.4.3.tar.gz", hash = "sha256:4b1697b5787afe8e7fd81b96ff4501376f52cb80fc9dd684f6989ea3b69853f4"},
]
pyparsing = [
    {file = "pyparsing-2.4.7-py2.py3-none-any.whl", hash = "sha256:ef9d7589ef3c200abe66653d3f1ab1033c3c419ae9b9bdb1240a85b024efc88b"},
    {file = "pyparsing-2.4.7.tar.gz", hash = "sha256:c203ec8783bf771a155b207279b9bccb8dea02d8f0c9e5f8ead507bc3246ecc1"},
]
pyrebase = [
    {file = "Pyrebase-3.0.27-py3-none-any.whl", hash = "sha256:a80f9d2a1b29f3c4eb2b6968d87b3282666dfcd8cbacd7e586b48d9609916463"},
    {file = "Pyrebase-3.0.27.tar.gz", hash = "sha256:0a1fd6efc36ae2e4747e8c3b4e6ad5dc1abfa5729d6465b04c8f148ff6c626c0"},
]
python-jwt = [
    {file = "python_jwt-2.0.1-py2.py3-none-any.whl", hash = "sha256:6b2d334cfa8af8423d96bff45a00a7bc811d87f460d1e7f4732b3ae90220f02c"},
    {file = "python_jwt-2.0.1.tar.gz", hash = "sha256:db2a8ad41b816e0c00e0f8ba3c1899675daa26139641a61356579304960533a1"},
]
pytz = [
    {file = "pytz-2020.5-py2.py3-none-any.whl", hash = "sha256:16962c5fb8db4a8f63a26646d8886e9d769b6c511543557bc84e9569fb9a9cb4"},
    {file = "pytz-2020.5.tar.gz", hash = "sha256:180befebb1927b16f6b57101720075a984c019ac16b1b7575673bea42c6c3da5"},
]
requests = [
    {file = "requests-2.11.1-py2.py3-none-any.whl", hash = "sha256:545c4855cd9d7c12671444326337013766f4eea6068c3f0307fb2dc2696d580e"},
    {file = "requests-2.11.1.tar.gz", hash = "sha256:5acf980358283faba0b897c73959cecf8b841205bb4b2ad3ef545f46eae1a133"},
]
requests-toolbelt = [
    {file = "requests-toolbelt-0.7.0.tar.gz", hash = "sha256:33899d4a559c3f0f5e9fbc115d337c4236febdc083755a160a4132d92fc3c91a"},
    {file = "requests_toolbelt-0.7.0-py2.py3-none-any.whl", hash = "sha256:a0432b1124e6b33151ecf694497b4808690dd94ce68c6648c1daa63b771278c4"},
]
rsa = [
    {file = "rsa-4.7.2-py3-none-any.whl", hash = "sha256:78f9a9bf4e7be0c5ded4583326e7461e3a3c5aae24073648b4bdfa797d78c9d2"},
    {file = "rsa-4.7.2.tar.gz", hash = "sha256:9d689e6ca1b3038bc82bf8d23e944b6b6037bc02301a574935b2dd946e0353b9"},
]
shortuuid = [
    {file = "shortuuid-1.0.1-py3-none-any.whl", hash = "sha256:492c7402ff91beb1342a5898bd61ea953985bf24a41cd9f247409aa2e03c8f77"},
    {file = "shortuuid-1.0.1.tar.gz", hash = "sha256:3c11d2007b915c43bee3e10625f068d8a349e04f0d81f08f5fa08507427ebf1f"},
]
six = [
    {file = "six-1.16.0-py2.py3-none-any.whl", hash = "sha256:8abb2f1d86890a2dfb989f9a77cfcfd3e47c2a354b01111771326f8aa26e0254"},
    {file = "six-1.16.0.tar.gz", hash = "sha256:1e61c37477a1626458e36f7b1d82aa5c9b094fa4802892072e49de9c60c4c926"},
]
sqlparse = [
    {file = "sqlparse-0.4.1-py3-none-any.whl", hash = "sha256:017cde379adbd6a1f15a61873f43e8274179378e95ef3fede90b5aa64d304ed0"},
    {file = "sqlparse-0.4.1.tar.gz", hash = "sha256:0f91fd2e829c44362cbcfab3e9ae12e22badaa8a29ad5ff599f9ec109f0454e8"},
]
